// !$*UTF8*$!
{
	archiveVersion = 1;
	classes = {
	};
	objectVersion = 50;
	objects = {

/* Begin PBXBuildFile section */
		59FE3E9A219EBD4D00A2B268 /* AppDelegate.swift in Sources */ = {isa = PBXBuildFile; fileRef = 59FE3E99219EBD4D00A2B268 /* AppDelegate.swift */; };
		59FE3E9C219EBD4D00A2B268 /* ViewController.swift in Sources */ = {isa = PBXBuildFile; fileRef = 59FE3E9B219EBD4D00A2B268 /* ViewController.swift */; };
		59FE3E9F219EBD4D00A2B268 /* Main.storyboard in Resources */ = {isa = PBXBuildFile; fileRef = 59FE3E9D219EBD4D00A2B268 /* Main.storyboard */; };
		59FE3EA1219EBD4D00A2B268 /* Assets.xcassets in Resources */ = {isa = PBXBuildFile; fileRef = 59FE3EA0219EBD4D00A2B268 /* Assets.xcassets */; };
		59FE3EA4219EBD4D00A2B268 /* LaunchScreen.storyboard in Resources */ = {isa = PBXBuildFile; fileRef = 59FE3EA2219EBD4D00A2B268 /* LaunchScreen.storyboard */; };
		59FE3EAF219EBE4400A2B268 /* LottieTabBarViewController.swift in Sources */ = {isa = PBXBuildFile; fileRef = 59FE3EAE219EBE4400A2B268 /* LottieTabBarViewController.swift */; };
		59FE3EB1219EBE5100A2B268 /* UITabBar+Lottie.swift in Sources */ = {isa = PBXBuildFile; fileRef = 59FE3EB0219EBE5100A2B268 /* UITabBar+Lottie.swift */; };
		59FE3EB8219EBF1B00A2B268 /* tab_me_animate.json in Resources */ = {isa = PBXBuildFile; fileRef = 59FE3EB6219EBF1B00A2B268 /* tab_me_animate.json */; };
		59FE3EB9219EBF1B00A2B268 /* tab_message_animate.json in Resources */ = {isa = PBXBuildFile; fileRef = 59FE3EB7219EBF1B00A2B268 /* tab_message_animate.json */; };
		59FE3EBB219EBF2700A2B268 /* TestTabbarViewController.swift in Sources */ = {isa = PBXBuildFile; fileRef = 59FE3EBA219EBF2700A2B268 /* TestTabbarViewController.swift */; };
		59FE3EBD219EC01100A2B268 /* tab_search_animate.json in Resources */ = {isa = PBXBuildFile; fileRef = 59FE3EBC219EC01100A2B268 /* tab_search_animate.json */; };
		E1511205B6FF2C3D7C006C03 /* Pods_LottieTabBar.framework in Frameworks */ = {isa = PBXBuildFile; fileRef = A1D46339E1BD11A0B0951F8A /* Pods_LottieTabBar.framework */; };
/* End PBXBuildFile section */

/* Begin PBXFileReference section */
		59FE3E96219EBD4D00A2B268 /* LottieTabBar.app */ = {isa = PBXFileReference; explicitFileType = wrapper.application; includeInIndex = 0; path = LottieTabBar.app; sourceTree = BUILT_PRODUCTS_DIR; };
		59FE3E99219EBD4D00A2B268 /* AppDelegate.swift */ = {isa = PBXFileReference; lastKnownFileType = sourcecode.swift; path = AppDelegate.swift; sourceTree = "<group>"; };
		59FE3E9B219EBD4D00A2B268 /* ViewController.swift */ = {isa = PBXFileReference; lastKnownFileType = sourcecode.swift; path = ViewController.swift; sourceTree = "<group>"; };
		59FE3E9E219EBD4D00A2B268 /* Base */ = {isa = PBXFileReference; lastKnownFileType = file.storyboard; name = Base; path = Base.lproj/Main.storyboard; sourceTree = "<group>"; };
		59FE3EA0219EBD4D00A2B268 /* Assets.xcassets */ = {isa = PBXFileReference; lastKnownFileType = folder.assetcatalog; path = Assets.xcassets; sourceTree = "<group>"; };
		59FE3EA3219EBD4D00A2B268 /* Base */ = {isa = PBXFileReference; lastKnownFileType = file.storyboard; name = Base; path = Base.lproj/LaunchScreen.storyboard; sourceTree = "<group>"; };
		59FE3EA5219EBD4D00A2B268 /* Info.plist */ = {isa = PBXFileReference; lastKnownFileType = text.plist.xml; path = Info.plist; sourceTree = "<group>"; };
		59FE3EAE219EBE4400A2B268 /* LottieTabBarViewController.swift */ = {isa = PBXFileReference; fileEncoding = 4; lastKnownFileType = sourcecode.swift; path = LottieTabBarViewController.swift; sourceTree = "<group>"; };
		59FE3EB0219EBE5100A2B268 /* UITabBar+Lottie.swift */ = {isa = PBXFileReference; fileEncoding = 4; lastKnownFileType = sourcecode.swift; path = "UITabBar+Lottie.swift"; sourceTree = "<group>"; };
		59FE3EB6219EBF1B00A2B268 /* tab_me_animate.json */ = {isa = PBXFileReference; fileEncoding = 4; lastKnownFileType = text.json; path = tab_me_animate.json; sourceTree = "<group>"; };
		59FE3EB7219EBF1B00A2B268 /* tab_message_animate.json */ = {isa = PBXFileReference; fileEncoding = 4; lastKnownFileType = text.json; path = tab_message_animate.json; sourceTree = "<group>"; };
		59FE3EBA219EBF2700A2B268 /* TestTabbarViewController.swift */ = {isa = PBXFileReference; fileEncoding = 4; lastKnownFileType = sourcecode.swift; path = TestTabbarViewController.swift; sourceTree = "<group>"; };
		59FE3EBC219EC01100A2B268 /* tab_search_animate.json */ = {isa = PBXFileReference; fileEncoding = 4; lastKnownFileType = text.json; path = tab_search_animate.json; sourceTree = "<group>"; };
		72D721F1F96D5EBE5BBEF1E3 /* Pods-LottieTabBar.debug.xcconfig */ = {isa = PBXFileReference; includeInIndex = 1; lastKnownFileType = text.xcconfig; name = "Pods-LottieTabBar.debug.xcconfig"; path = "Pods/Target Support Files/Pods-LottieTabBar/Pods-LottieTabBar.debug.xcconfig"; sourceTree = "<group>"; };
		A1D46339E1BD11A0B0951F8A /* Pods_LottieTabBar.framework */ = {isa = PBXFileReference; explicitFileType = wrapper.framework; includeInIndex = 0; path = Pods_LottieTabBar.framework; sourceTree = BUILT_PRODUCTS_DIR; };
		CAA51D7F3199C59A3FBD3607 /* Pods-LottieTabBar.release.xcconfig */ = {isa = PBXFileReference; includeInIndex = 1; lastKnownFileType = text.xcconfig; name = "Pods-LottieTabBar.release.xcconfig"; path = "Pods/Target Support Files/Pods-LottieTabBar/Pods-LottieTabBar.release.xcconfig"; sourceTree = "<group>"; };
/* End PBXFileReference section */

/* Begin PBXFrameworksBuildPhase section */
		59FE3E93219EBD4D00A2B268 /* Frameworks */ = {
			isa = PBXFrameworksBuildPhase;
			buildActionMask = 2147483647;
			files = (
				E1511205B6FF2C3D7C006C03 /* Pods_LottieTabBar.framework in Frameworks */,
			);
			runOnlyForDeploymentPostprocessing = 0;
		};
/* End PBXFrameworksBuildPhase section */

/* Begin PBXGroup section */
		225E5FA9378121AF247F9CF7 /* Frameworks */ = {
			isa = PBXGroup;
			children = (
				A1D46339E1BD11A0B0951F8A /* Pods_LottieTabBar.framework */,
			);
			name = Frameworks;
			sourceTree = "<group>";
		};
		59FE3E8D219EBD4C00A2B268 = {
			isa = PBXGroup;
			children = (
				59FE3EAB219EBDB400A2B268 /* Example for LottieTabBar */,
				59FE3E98219EBD4D00A2B268 /* LottieTabBar */,
				59FE3E97219EBD4D00A2B268 /* Products */,
				F11B74F36C4B8FFCA2900B50 /* Pods */,
				225E5FA9378121AF247F9CF7 /* Frameworks */,
			);
			sourceTree = "<group>";
		};
		59FE3E97219EBD4D00A2B268 /* Products */ = {
			isa = PBXGroup;
			children = (
				59FE3E96219EBD4D00A2B268 /* LottieTabBar.app */,
			);
			name = Products;
			sourceTree = "<group>";
		};
		59FE3E98219EBD4D00A2B268 /* LottieTabBar */ = {
			isa = PBXGroup;
			children = (
				59FE3EA5219EBD4D00A2B268 /* Info.plist */,
				59FE3EAE219EBE4400A2B268 /* LottieTabBarViewController.swift */,
				59FE3EB0219EBE5100A2B268 /* UITabBar+Lottie.swift */,
			);
			path = LottieTabBar;
			sourceTree = "<group>";
		};
		59FE3EAB219EBDB400A2B268 /* Example for LottieTabBar */ = {
			isa = PBXGroup;
			children = (
				59FE3E99219EBD4D00A2B268 /* AppDelegate.swift */,
				59FE3E9B219EBD4D00A2B268 /* ViewController.swift */,
				59FE3EBA219EBF2700A2B268 /* TestTabbarViewController.swift */,
				59FE3E9D219EBD4D00A2B268 /* Main.storyboard */,
				59FE3EA0219EBD4D00A2B268 /* Assets.xcassets */,
				59FE3EA2219EBD4D00A2B268 /* LaunchScreen.storyboard */,
				59FE3EB6219EBF1B00A2B268 /* tab_me_animate.json */,
				59FE3EB7219EBF1B00A2B268 /* tab_message_animate.json */,
				59FE3EBC219EC01100A2B268 /* tab_search_animate.json */,
			);
			path = "Example for LottieTabBar";
			sourceTree = "<group>";
		};
		F11B74F36C4B8FFCA2900B50 /* Pods */ = {
			isa = PBXGroup;
			children = (
				72D721F1F96D5EBE5BBEF1E3 /* Pods-LottieTabBar.debug.xcconfig */,
				CAA51D7F3199C59A3FBD3607 /* Pods-LottieTabBar.release.xcconfig */,
			);
			name = Pods;
			sourceTree = "<group>";
		};
/* End PBXGroup section */

/* Begin PBXNativeTarget section */
		59FE3E95219EBD4D00A2B268 /* LottieTabBar */ = {
			isa = PBXNativeTarget;
			buildConfigurationList = 59FE3EA8219EBD4D00A2B268 /* Build configuration list for PBXNativeTarget "LottieTabBar" */;
			buildPhases = (
				8C5EE52C7012F19332AB1AED /* [CP] Check Pods Manifest.lock */,
				59FE3E92219EBD4D00A2B268 /* Sources */,
				59FE3E93219EBD4D00A2B268 /* Frameworks */,
				59FE3E94219EBD4D00A2B268 /* Resources */,
				4FA74815BAF0767CBB4AEB29 /* [CP] Embed Pods Frameworks */,
			);
			buildRules = (
			);
			dependencies = (
			);
			name = LottieTabBar;
			productName = LottieTabBar;
			productReference = 59FE3E96219EBD4D00A2B268 /* LottieTabBar.app */;
			productType = "com.apple.product-type.application";
		};
/* End PBXNativeTarget section */

/* Begin PBXProject section */
		59FE3E8E219EBD4C00A2B268 /* Project object */ = {
			isa = PBXProject;
			attributes = {
				LastSwiftUpdateCheck = 1010;
				LastUpgradeCheck = 1010;
				ORGANIZATIONNAME = "Pithy'L";
				TargetAttributes = {
					59FE3E95219EBD4D00A2B268 = {
						CreatedOnToolsVersion = 10.1;
						LastSwiftMigration = 1010;
					};
				};
			};
			buildConfigurationList = 59FE3E91219EBD4C00A2B268 /* Build configuration list for PBXProject "LottieTabBar" */;
			compatibilityVersion = "Xcode 9.3";
			developmentRegion = en;
			hasScannedForEncodings = 0;
			knownRegions = (
				en,
				Base,
			);
			mainGroup = 59FE3E8D219EBD4C00A2B268;
			productRefGroup = 59FE3E97219EBD4D00A2B268 /* Products */;
			projectDirPath = "";
			projectRoot = "";
			targets = (
				59FE3E95219EBD4D00A2B268 /* LottieTabBar */,
			);
		};
/* End PBXProject section */

/* Begin PBXResourcesBuildPhase section */
		59FE3E94219EBD4D00A2B268 /* Resources */ = {
			isa = PBXResourcesBuildPhase;
			buildActionMask = 2147483647;
			files = (
				59FE3EB9219EBF1B00A2B268 /* tab_message_animate.json in Resources */,
				59FE3EBD219EC01100A2B268 /* tab_search_animate.json in Resources */,
				59FE3EA4219EBD4D00A2B268 /* LaunchScreen.storyboard in Resources */,
				59FE3EB8219EBF1B00A2B268 /* tab_me_animate.json in Resources */,
				59FE3EA1219EBD4D00A2B268 /* Assets.xcassets in Resources */,
				59FE3E9F219EBD4D00A2B268 /* Main.storyboard in Resources */,
			);
			runOnlyForDeploymentPostprocessing = 0;
		};
/* End PBXResourcesBuildPhase section */

/* Begin PBXShellScriptBuildPhase section */
		4FA74815BAF0767CBB4AEB29 /* [CP] Embed Pods Frameworks */ = {
			isa = PBXShellScriptBuildPhase;
			buildActionMask = 2147483647;
			files = (
			);
			inputFileListPaths = (
			);
			inputPaths = (
				"${SRCROOT}/Pods/Target Support Files/Pods-LottieTabBar/Pods-LottieTabBar-frameworks.sh",
				"${BUILT_PRODUCTS_DIR}/lottie-ios/Lottie.framework",
			);
			name = "[CP] Embed Pods Frameworks";
			outputFileListPaths = (
			);
			outputPaths = (
				"${TARGET_BUILD_DIR}/${FRAMEWORKS_FOLDER_PATH}/Lottie.framework",
			);
			runOnlyForDeploymentPostprocessing = 0;
			shellPath = /bin/sh;
			shellScript = "\"${SRCROOT}/Pods/Target Support Files/Pods-LottieTabBar/Pods-LottieTabBar-frameworks.sh\"\n";
			showEnvVarsInLog = 0;
		};
		8C5EE52C7012F19332AB1AED /* [CP] Check Pods Manifest.lock */ = {
			isa = PBXShellScriptBuildPhase;
			buildActionMask = 2147483647;
			files = (
			);
			inputFileListPaths = (
			);
			inputPaths = (
				"${PODS_PODFILE_DIR_PATH}/Podfile.lock",
				"${PODS_ROOT}/Manifest.lock",
			);
			name = "[CP] Check Pods Manifest.lock";
			outputFileListPaths = (
			);
			outputPaths = (
				"$(DERIVED_FILE_DIR)/Pods-LottieTabBar-checkManifestLockResult.txt",
			);
			runOnlyForDeploymentPostprocessing = 0;
			shellPath = /bin/sh;
			shellScript = "diff \"${PODS_PODFILE_DIR_PATH}/Podfile.lock\" \"${PODS_ROOT}/Manifest.lock\" > /dev/null\nif [ $? != 0 ] ; then\n    # print error to STDERR\n    echo \"error: The sandbox is not in sync with the Podfile.lock. Run 'pod install' or update your CocoaPods installation.\" >&2\n    exit 1\nfi\n# This output is used by Xcode 'outputs' to avoid re-running this script phase.\necho \"SUCCESS\" > \"${SCRIPT_OUTPUT_FILE_0}\"\n";
			showEnvVarsInLog = 0;
		};
/* End PBXShellScriptBuildPhase section */

/* Begin PBXSourcesBuildPhase section */
		59FE3E92219EBD4D00A2B268 /* Sources */ = {
			isa = PBXSourcesBuildPhase;
			buildActionMask = 2147483647;
			files = (
				59FE3EBB219EBF2700A2B268 /* TestTabbarViewController.swift in Sources */,
				59FE3EAF219EBE4400A2B268 /* LottieTabBarViewController.swift in Sources */,
				59FE3E9C219EBD4D00A2B268 /* ViewController.swift in Sources */,
				59FE3EB1219EBE5100A2B268 /* UITabBar+Lottie.swift in Sources */,
				59FE3E9A219EBD4D00A2B268 /* AppDelegate.swift in Sources */,
			);
			runOnlyForDeploymentPostprocessing = 0;
		};
/* End PBXSourcesBuildPhase section */

/* Begin PBXVariantGroup section */
		59FE3E9D219EBD4D00A2B268 /* Main.storyboard */ = {
			isa = PBXVariantGroup;
			children = (
				59FE3E9E219EBD4D00A2B268 /* Base */,
			);
			name = Main.storyboard;
			sourceTree = "<group>";
		};
		59FE3EA2219EBD4D00A2B268 /* LaunchScreen.storyboard */ = {
			isa = PBXVariantGroup;
			children = (
				59FE3EA3219EBD4D00A2B268 /* Base */,
			);
			name = LaunchScreen.storyboard;
			sourceTree = "<group>";
		};
/* End PBXVariantGroup section */

/* Begin XCBuildConfiguration section */
		59FE3EA6219EBD4D00A2B268 /* Debug */ = {
			isa = XCBuildConfiguration;
			buildSettings = {
				ALWAYS_SEARCH_USER_PATHS = NO;
				CLANG_ANALYZER_NONNULL = YES;
				CLANG_ANALYZER_NUMBER_OBJECT_CONVERSION = YES_AGGRESSIVE;
				CLANG_CXX_LANGUAGE_STANDARD = "gnu++14";
				CLANG_CXX_LIBRARY = "libc++";
				CLANG_ENABLE_MODULES = YES;
				CLANG_ENABLE_OBJC_ARC = YES;
				CLANG_ENABLE_OBJC_WEAK = YES;
				CLANG_WARN_BLOCK_CAPTURE_AUTORELEASING = YES;
				CLANG_WARN_BOOL_CONVERSION = YES;
				CLANG_WARN_COMMA = YES;
				CLANG_WARN_CONSTANT_CONVERSION = YES;
				CLANG_WARN_DEPRECATED_OBJC_IMPLEMENTATIONS = YES;
				CLANG_WARN_DIRECT_OBJC_ISA_USAGE = YES_ERROR;
				CLANG_WARN_DOCUMENTATION_COMMENTS = YES;
				CLANG_WARN_EMPTY_BODY = YES;
				CLANG_WARN_ENUM_CONVERSION = YES;
				CLANG_WARN_INFINITE_RECURSION = YES;
				CLANG_WARN_INT_CONVERSION = YES;
				CLANG_WARN_NON_LITERAL_NULL_CONVERSION = YES;
				CLANG_WARN_OBJC_IMPLICIT_RETAIN_SELF = YES;
				CLANG_WARN_OBJC_LITERAL_CONVERSION = YES;
				CLANG_WARN_OBJC_ROOT_CLASS = YES_ERROR;
				CLANG_WARN_RANGE_LOOP_ANALYSIS = YES;
				CLANG_WARN_STRICT_PROTOTYPES = YES;
				CLANG_WARN_SUSPICIOUS_MOVE = YES;
				CLANG_WARN_UNGUARDED_AVAILABILITY = YES_AGGRESSIVE;
				CLANG_WARN_UNREACHABLE_CODE = YES;
				CLANG_WARN__DUPLICATE_METHOD_MATCH = YES;
				CODE_SIGN_IDENTITY = "iPhone Developer";
				COPY_PHASE_STRIP = NO;
				DEBUG_INFORMATION_FORMAT = dwarf;
				ENABLE_STRICT_OBJC_MSGSEND = YES;
				ENABLE_TESTABILITY = YES;
				GCC_C_LANGUAGE_STANDARD = gnu11;
				GCC_DYNAMIC_NO_PIC = NO;
				GCC_NO_COMMON_BLOCKS = YES;
				GCC_OPTIMIZATION_LEVEL = 0;
				GCC_PREPROCESSOR_DEFINITIONS = (
					"DEBUG=1",
					"$(inherited)",
				);
				GCC_WARN_64_TO_32_BIT_CONVERSION = YES;
				GCC_WARN_ABOUT_RETURN_TYPE = YES_ERROR;
				GCC_WARN_UNDECLARED_SELECTOR = YES;
				GCC_WARN_UNINITIALIZED_AUTOS = YES_AGGRESSIVE;
				GCC_WARN_UNUSED_FUNCTION = YES;
				GCC_WARN_UNUSED_VARIABLE = YES;
				IPHONEOS_DEPLOYMENT_TARGET = 12.1;
				MTL_ENABLE_DEBUG_INFO = INCLUDE_SOURCE;
				MTL_FAST_MATH = YES;
				ONLY_ACTIVE_ARCH = YES;
				SDKROOT = iphoneos;
				SWIFT_ACTIVE_COMPILATION_CONDITIONS = DEBUG;
				SWIFT_OPTIMIZATION_LEVEL = "-Onone";
			};
			name = Debug;
		};
		59FE3EA7219EBD4D00A2B268 /* Release */ = {
			isa = XCBuildConfiguration;
			buildSettings = {
				ALWAYS_SEARCH_USER_PATHS = NO;
				CLANG_ANALYZER_NONNULL = YES;
				CLANG_ANALYZER_NUMBER_OBJECT_CONVERSION = YES_AGGRESSIVE;
				CLANG_CXX_LANGUAGE_STANDARD = "gnu++14";
				CLANG_CXX_LIBRARY = "libc++";
				CLANG_ENABLE_MODULES = YES;
				CLANG_ENABLE_OBJC_ARC = YES;
				CLANG_ENABLE_OBJC_WEAK = YES;
				CLANG_WARN_BLOCK_CAPTURE_AUTORELEASING = YES;
				CLANG_WARN_BOOL_CONVERSION = YES;
				CLANG_WARN_COMMA = YES;
				CLANG_WARN_CONSTANT_CONVERSION = YES;
				CLANG_WARN_DEPRECATED_OBJC_IMPLEMENTATIONS = YES;
				CLANG_WARN_DIRECT_OBJC_ISA_USAGE = YES_ERROR;
				CLANG_WARN_DOCUMENTATION_COMMENTS = YES;
				CLANG_WARN_EMPTY_BODY = YES;
				CLANG_WARN_ENUM_CONVERSION = YES;
				CLANG_WARN_INFINITE_RECURSION = YES;
				CLANG_WARN_INT_CONVERSION = YES;
				CLANG_WARN_NON_LITERAL_NULL_CONVERSION = YES;
				CLANG_WARN_OBJC_IMPLICIT_RETAIN_SELF = YES;
				CLANG_WARN_OBJC_LITERAL_CONVERSION = YES;
				CLANG_WARN_OBJC_ROOT_CLASS = YES_ERROR;
				CLANG_WARN_RANGE_LOOP_ANALYSIS = YES;
				CLANG_WARN_STRICT_PROTOTYPES = YES;
				CLANG_WARN_SUSPICIOUS_MOVE = YES;
				CLANG_WARN_UNGUARDED_AVAILABILITY = YES_AGGRESSIVE;
				CLANG_WARN_UNREACHABLE_CODE = YES;
				CLANG_WARN__DUPLICATE_METHOD_MATCH = YES;
				CODE_SIGN_IDENTITY = "iPhone Developer";
				COPY_PHASE_STRIP = NO;
				DEBUG_INFORMATION_FORMAT = "dwarf-with-dsym";
				ENABLE_NS_ASSERTIONS = NO;
				ENABLE_STRICT_OBJC_MSGSEND = YES;
				GCC_C_LANGUAGE_STANDARD = gnu11;
				GCC_NO_COMMON_BLOCKS = YES;
				GCC_WARN_64_TO_32_BIT_CONVERSION = YES;
				GCC_WARN_ABOUT_RETURN_TYPE = YES_ERROR;
				GCC_WARN_UNDECLARED_SELECTOR = YES;
				GCC_WARN_UNINITIALIZED_AUTOS = YES_AGGRESSIVE;
				GCC_WARN_UNUSED_FUNCTION = YES;
				GCC_WARN_UNUSED_VARIABLE = YES;
				IPHONEOS_DEPLOYMENT_TARGET = 12.1;
				MTL_ENABLE_DEBUG_INFO = NO;
				MTL_FAST_MATH = YES;
				SDKROOT = iphoneos;
				SWIFT_COMPILATION_MODE = wholemodule;
				SWIFT_OPTIMIZATION_LEVEL = "-O";
				VALIDATE_PRODUCT = YES;
			};
			name = Release;
		};
		59FE3EA9219EBD4D00A2B268 /* Debug */ = {
			isa = XCBuildConfiguration;
			baseConfigurationReference = 72D721F1F96D5EBE5BBEF1E3 /* Pods-LottieTabBar.debug.xcconfig */;
			buildSettings = {
				ASSETCATALOG_COMPILER_APPICON_NAME = AppIcon;
				CLANG_ENABLE_MODULES = YES;
				CODE_SIGN_STYLE = Automatic;
				DEVELOPMENT_TEAM = 2469D8KJJU;
				INFOPLIST_FILE = LottieTabBar/Info.plist;
				LD_RUNPATH_SEARCH_PATHS = (
					"$(inherited)",
					"@executable_path/Frameworks",
				);
				PRODUCT_BUNDLE_IDENTIFIER = io.pithy.ll.LottieTabBar;
				PRODUCT_NAME = "$(TARGET_NAME)";
				SWIFT_OPTIMIZATION_LEVEL = "-Onone";
				SWIFT_VERSION = 4.2;
				TARGETED_DEVICE_FAMILY = "1,2";
			};
			name = Debug;
		};
		59FE3EAA219EBD4D00A2B268 /* Release */ = {
			isa = XCBuildConfiguration;
			baseConfigurationReference = CAA51D7F3199C59A3FBD3607 /* Pods-LottieTabBar.release.xcconfig */;
			buildSettings = {
				ASSETCATALOG_COMPILER_APPICON_NAME = AppIcon;
				CLANG_ENABLE_MODULES = YES;
				CODE_SIGN_STYLE = Automatic;
				DEVELOPMENT_TEAM = 2469D8KJJU;
				INFOPLIST_FILE = LottieTabBar/Info.plist;
				LD_RUNPATH_SEARCH_PATHS = (
					"$(inherited)",
					"@executable_path/Frameworks",
				);
				PRODUCT_BUNDLE_IDENTIFIER = io.pithy.ll.LottieTabBar;
				PRODUCT_NAME = "$(TARGET_NAME)";
				SWIFT_VERSION = 4.2;
				TARGETED_DEVICE_FAMILY = "1,2";
			};
			name = Release;
		};
/* End XCBuildConfiguration section */

/* Begin XCConfigurationList section */
		59FE3E91219EBD4C00A2B268 /* Build configuration list for PBXProject "LottieTabBar" */ = {
			isa = XCConfigurationList;
			buildConfigurations = (
				59FE3EA6219EBD4D00A2B268 /* Debug */,
				59FE3EA7219EBD4D00A2B268 /* Release */,
			);
			defaultConfigurationIsVisible = 0;
			defaultConfigurationName = Release;
		};
		59FE3EA8219EBD4D00A2B268 /* Build configuration list for PBXNativeTarget "LottieTabBar" */ = {
			isa = XCConfigurationList;
			buildConfigurations = (
				59FE3EA9219EBD4D00A2B268 /* Debug */,
				59FE3EAA219EBD4D00A2B268 /* Release */,
			);
			defaultConfigurationIsVisible = 0;
			defaultConfigurationName = Release;
		};
/* End XCConfigurationList section */
	};
	rootObject = 59FE3E8E219EBD4C00A2B268 /* Project object */;
}
